
Microsoft Visual Studio Solution File, Format Version 12.00
# Visual Studio Version 17
VisualStudioVersion = 17.11.35303.130
MinimumVisualStudioVersion = 10.0.40219.1
Project("{FAE04EC0-301F-11D3-BF4B-00C04F79EFBC}") = "OgrenciKursYonetimi", "OgrenciKursYonetimi\OgrenciKursYonetimi.csproj", "{42F8D1BC-1EB0-4C85-9FF0-13D0E8A90C9D}"
EndProject
Global
	GlobalSection(SolutionConfigurationPlatforms) = preSolution
		Debug|Any CPU = Debug|Any CPU
		Release|Any CPU = Release|Any CPU
	EndGlobalSection
	GlobalSection(ProjectConfigurationPlatforms) = postSolution
		{42F8D1BC-1EB0-4C85-9FF0-13D0E8A90C9D}.Debug|Any CPU.ActiveCfg = Debug|Any CPU
		{42F8D1BC-1EB0-4C85-9FF0-13D0E8A90C9D}.Debug|Any CPU.Build.0 = Debug|Any CPU
		{42F8D1BC-1EB0-4C85-9FF0-13D0E8A90C9D}.Release|Any CPU.ActiveCfg = Release|Any CPU
		{42F8D1BC-1EB0-4C85-9FF0-13D0E8A90C9D}.Release|Any CPU.Build.0 = Release|Any CPU
	EndGlobalSection
	GlobalSection(SolutionProperties) = preSolution
		HideSolutionNode = FALSE
	EndGlobalSection
	GlobalSection(ExtensibilityGlobals) = postSolution
		SolutionGuid = {E087CE0E-FA2B-4AFF-90E7-9658BFFAB252}
	EndGlobalSection
EndGlobal
